
Microsoft Visual Studio Solution File, Format Version 12.00
# Visual Studio Version 17
VisualStudioVersion = 17.10.35013.160
MinimumVisualStudioVersion = 10.0.40219.1
Project("{FAE04EC0-301F-11D3-BF4B-00C04F79EFBC}") = "Day_1", "Day_1.csproj", "{0540F508-4F9F-48AD-867B-B25B43186527}"
EndProject
Global
	GlobalSection(SolutionConfigurationPlatforms) = preSolution
		Debug|Any CPU = Debug|Any CPU
		Release|Any CPU = Release|Any CPU
	EndGlobalSection
	GlobalSection(ProjectConfigurationPlatforms) = postSolution
		{0540F508-4F9F-48AD-867B-B25B43186527}.Debug|Any CPU.ActiveCfg = Debug|Any CPU
		{0540F508-4F9F-48AD-867B-B25B43186527}.Debug|Any CPU.Build.0 = Debug|Any CPU
		{0540F508-4F9F-48AD-867B-B25B43186527}.Release|Any CPU.ActiveCfg = Release|Any CPU
		{0540F508-4F9F-48AD-867B-B25B43186527}.Release|Any CPU.Build.0 = Release|Any CPU
	EndGlobalSection
	GlobalSection(SolutionProperties) = preSolution
		HideSolutionNode = FALSE
	EndGlobalSection
	GlobalSection(ExtensibilityGlobals) = postSolution
		SolutionGuid = {A107BABE-A669-4A1E-88B0-B92BE15096BC}
	EndGlobalSection
EndGlobal
